
Microsoft Visual Studio Solution File, Format Version 12.00
# Visual Studio Version 17
VisualStudioVersion = 17.5.002.0
MinimumVisualStudioVersion = 10.0.40219.1
Project("{9A19103F-16F7-4668-BE54-9A1E7A4F7556}") = "webapi", "webapi.csproj", "{6E28E2CF-F491-4A3F-BD46-CCEEE412C507}"
EndProject
Global
	GlobalSection(SolutionConfigurationPlatforms) = preSolution
		Debug|Any CPU = Debug|Any CPU
		Release|Any CPU = Release|Any CPU
	EndGlobalSection
	GlobalSection(ProjectConfigurationPlatforms) = postSolution
		{6E28E2CF-F491-4A3F-BD46-CCEEE412C507}.Debug|Any CPU.ActiveCfg = Debug|Any CPU
		{6E28E2CF-F491-4A3F-BD46-CCEEE412C507}.Debug|Any CPU.Build.0 = Debug|Any CPU
		{6E28E2CF-F491-4A3F-BD46-CCEEE412C507}.Release|Any CPU.ActiveCfg = Release|Any CPU
		{6E28E2CF-F491-4A3F-BD46-CCEEE412C507}.Release|Any CPU.Build.0 = Release|Any CPU
	EndGlobalSection
	GlobalSection(SolutionProperties) = preSolution
		HideSolutionNode = FALSE
	EndGlobalSection
	GlobalSection(ExtensibilityGlobals) = postSolution
		SolutionGuid = {16D4C3DA-0AD4-42D6-9A84-98820011E828}
	EndGlobalSection
EndGlobal
