
Microsoft Visual Studio Solution File, Format Version 12.00
# Visual Studio 15
VisualStudioVersion = 15.0.26124.0
MinimumVisualStudioVersion = 15.0.26124.0
Project("{2150E333-8FDC-42A3-9474-1A3956D46DE8}") = "src", "src", "{A18EE1C4-4CF1-44C2-BFC3-F1085849E89B}"
EndProject
Project("{FAE04EC0-301F-11D3-BF4B-00C04F79EFBC}") = "BasicControlStructures", "src\basic_control_structures\BasicControlStructures.csproj", "{8D6D6C9D-ECC3-43A2-878C-466460C62D8D}"
EndProject
Project("{2150E333-8FDC-42A3-9474-1A3956D46DE8}") = "test", "test", "{17F70C6B-C955-411A-B2C9-7183E3DE8682}"
EndProject
Project("{FAE04EC0-301F-11D3-BF4B-00C04F79EFBC}") = "BasicControlStructuresTests", "test\basic_control_structures\BasicControlStructuresTests.csproj", "{DD091456-7DB0-4D9D-AB58-EBC02C253632}"
EndProject
Global
	GlobalSection(SolutionConfigurationPlatforms) = preSolution
		Debug|Any CPU = Debug|Any CPU
		Debug|x64 = Debug|x64
		Debug|x86 = Debug|x86
		Release|Any CPU = Release|Any CPU
		Release|x64 = Release|x64
		Release|x86 = Release|x86
	EndGlobalSection
	GlobalSection(SolutionProperties) = preSolution
		HideSolutionNode = FALSE
	EndGlobalSection
	GlobalSection(ProjectConfigurationPlatforms) = postSolution
		{8D6D6C9D-ECC3-43A2-878C-466460C62D8D}.Debug|Any CPU.ActiveCfg = Debug|Any CPU
		{8D6D6C9D-ECC3-43A2-878C-466460C62D8D}.Debug|Any CPU.Build.0 = Debug|Any CPU
		{8D6D6C9D-ECC3-43A2-878C-466460C62D8D}.Debug|x64.ActiveCfg = Debug|Any CPU
		{8D6D6C9D-ECC3-43A2-878C-466460C62D8D}.Debug|x64.Build.0 = Debug|Any CPU
		{8D6D6C9D-ECC3-43A2-878C-466460C62D8D}.Debug|x86.ActiveCfg = Debug|Any CPU
		{8D6D6C9D-ECC3-43A2-878C-466460C62D8D}.Debug|x86.Build.0 = Debug|Any CPU
		{8D6D6C9D-ECC3-43A2-878C-466460C62D8D}.Release|Any CPU.ActiveCfg = Release|Any CPU
		{8D6D6C9D-ECC3-43A2-878C-466460C62D8D}.Release|Any CPU.Build.0 = Release|Any CPU
		{8D6D6C9D-ECC3-43A2-878C-466460C62D8D}.Release|x64.ActiveCfg = Release|Any CPU
		{8D6D6C9D-ECC3-43A2-878C-466460C62D8D}.Release|x64.Build.0 = Release|Any CPU
		{8D6D6C9D-ECC3-43A2-878C-466460C62D8D}.Release|x86.ActiveCfg = Release|Any CPU
		{8D6D6C9D-ECC3-43A2-878C-466460C62D8D}.Release|x86.Build.0 = Release|Any CPU
		{DD091456-7DB0-4D9D-AB58-EBC02C253632}.Debug|Any CPU.ActiveCfg = Debug|Any CPU
		{DD091456-7DB0-4D9D-AB58-EBC02C253632}.Debug|Any CPU.Build.0 = Debug|Any CPU
		{DD091456-7DB0-4D9D-AB58-EBC02C253632}.Debug|x64.ActiveCfg = Debug|Any CPU
		{DD091456-7DB0-4D9D-AB58-EBC02C253632}.Debug|x64.Build.0 = Debug|Any CPU
		{DD091456-7DB0-4D9D-AB58-EBC02C253632}.Debug|x86.ActiveCfg = Debug|Any CPU
		{DD091456-7DB0-4D9D-AB58-EBC02C253632}.Debug|x86.Build.0 = Debug|Any CPU
		{DD091456-7DB0-4D9D-AB58-EBC02C253632}.Release|Any CPU.ActiveCfg = Release|Any CPU
		{DD091456-7DB0-4D9D-AB58-EBC02C253632}.Release|Any CPU.Build.0 = Release|Any CPU
		{DD091456-7DB0-4D9D-AB58-EBC02C253632}.Release|x64.ActiveCfg = Release|Any CPU
		{DD091456-7DB0-4D9D-AB58-EBC02C253632}.Release|x64.Build.0 = Release|Any CPU
		{DD091456-7DB0-4D9D-AB58-EBC02C253632}.Release|x86.ActiveCfg = Release|Any CPU
		{DD091456-7DB0-4D9D-AB58-EBC02C253632}.Release|x86.Build.0 = Release|Any CPU
	EndGlobalSection
	GlobalSection(NestedProjects) = preSolution
		{8D6D6C9D-ECC3-43A2-878C-466460C62D8D} = {A18EE1C4-4CF1-44C2-BFC3-F1085849E89B}
		{DD091456-7DB0-4D9D-AB58-EBC02C253632} = {17F70C6B-C955-411A-B2C9-7183E3DE8682}
	EndGlobalSection
EndGlobal
