
Microsoft Visual Studio Solution File, Format Version 12.00
# Visual Studio Version 16
VisualStudioVersion = 16.0.30907.101
MinimumVisualStudioVersion = 10.0.40219.1
Project("{FAE04EC0-301F-11D3-BF4B-00C04F79EFBC}") = "fundamentals", "fundamentals\fundamentals.csproj", "{71379C0C-43E1-4212-96DB-9634D3121414}"
EndProject
Project("{FAE04EC0-301F-11D3-BF4B-00C04F79EFBC}") = "fundamentalsTest", "fundamentalsTest\fundamentalsTest.csproj", "{78D5EB2D-036B-4406-BCC7-5CCD0D45545D}"
EndProject
Global
	GlobalSection(SolutionConfigurationPlatforms) = preSolution
		Debug|Any CPU = Debug|Any CPU
		Release|Any CPU = Release|Any CPU
	EndGlobalSection
	GlobalSection(ProjectConfigurationPlatforms) = postSolution
		{71379C0C-43E1-4212-96DB-9634D3121414}.Debug|Any CPU.ActiveCfg = Debug|Any CPU
		{71379C0C-43E1-4212-96DB-9634D3121414}.Debug|Any CPU.Build.0 = Debug|Any CPU
		{71379C0C-43E1-4212-96DB-9634D3121414}.Release|Any CPU.ActiveCfg = Release|Any CPU
		{71379C0C-43E1-4212-96DB-9634D3121414}.Release|Any CPU.Build.0 = Release|Any CPU
		{78D5EB2D-036B-4406-BCC7-5CCD0D45545D}.Debug|Any CPU.ActiveCfg = Debug|Any CPU
		{78D5EB2D-036B-4406-BCC7-5CCD0D45545D}.Debug|Any CPU.Build.0 = Debug|Any CPU
		{78D5EB2D-036B-4406-BCC7-5CCD0D45545D}.Release|Any CPU.ActiveCfg = Release|Any CPU
		{78D5EB2D-036B-4406-BCC7-5CCD0D45545D}.Release|Any CPU.Build.0 = Release|Any CPU
	EndGlobalSection
	GlobalSection(SolutionProperties) = preSolution
		HideSolutionNode = FALSE
	EndGlobalSection
	GlobalSection(ExtensibilityGlobals) = postSolution
		SolutionGuid = {A0AAED1E-B9A4-4E75-9DE9-11C013CD56A3}
	EndGlobalSection
EndGlobal
